
Microsoft Visual Studio Solution File, Format Version 12.00
# Visual Studio Version 17
VisualStudioVersion = 17.6.33815.320
MinimumVisualStudioVersion = 10.0.40219.1
Project("{9A19103F-16F7-4668-BE54-9A1E7A4F7556}") = "PublicApi", "PublicApi\PublicApi.csproj", "{C1E60EA1-1F28-4DD8-9B12-64D320DBA709}"
EndProject
Project("{FAE04EC0-301F-11D3-BF4B-00C04F79EFBC}") = "UnitTests", "UnitTests\UnitTests.csproj", "{2AA29110-0D0C-4E5C-9CA6-E45C85A62BBD}"
EndProject
Global
	GlobalSection(SolutionConfigurationPlatforms) = preSolution
		Debug|Any CPU = Debug|Any CPU
		Release|Any CPU = Release|Any CPU
	EndGlobalSection
	GlobalSection(ProjectConfigurationPlatforms) = postSolution
		{C1E60EA1-1F28-4DD8-9B12-64D320DBA709}.Debug|Any CPU.ActiveCfg = Debug|Any CPU
		{C1E60EA1-1F28-4DD8-9B12-64D320DBA709}.Debug|Any CPU.Build.0 = Debug|Any CPU
		{C1E60EA1-1F28-4DD8-9B12-64D320DBA709}.Release|Any CPU.ActiveCfg = Release|Any CPU
		{C1E60EA1-1F28-4DD8-9B12-64D320DBA709}.Release|Any CPU.Build.0 = Release|Any CPU
		{2AA29110-0D0C-4E5C-9CA6-E45C85A62BBD}.Debug|Any CPU.ActiveCfg = Debug|Any CPU
		{2AA29110-0D0C-4E5C-9CA6-E45C85A62BBD}.Debug|Any CPU.Build.0 = Debug|Any CPU
		{2AA29110-0D0C-4E5C-9CA6-E45C85A62BBD}.Release|Any CPU.ActiveCfg = Release|Any CPU
		{2AA29110-0D0C-4E5C-9CA6-E45C85A62BBD}.Release|Any CPU.Build.0 = Release|Any CPU
	EndGlobalSection
	GlobalSection(SolutionProperties) = preSolution
		HideSolutionNode = FALSE
	EndGlobalSection
	GlobalSection(ExtensibilityGlobals) = postSolution
		SolutionGuid = {CF8256B3-1B7E-4326-A723-931903967187}
	EndGlobalSection
EndGlobal
